
Microsoft Visual Studio Solution File, Format Version 12.00
# Visual Studio Version 17
VisualStudioVersion = 17.11.35327.3
MinimumVisualStudioVersion = 10.0.40219.1
Project("{8BC9CEB8-8B4A-11D0-8D11-00A0C91BC942}") = "Zad1", "Zad1.vcxproj", "{AB9ECEFF-7530-4949-A66B-C46415CC0A7C}"
EndProject
Project("{8BC9CEB8-8B4A-11D0-8D11-00A0C91BC942}") = "ćw9", "..\ćw9\ćw9.vcxproj", "{C2913563-7921-4CC1-945B-73201AAF1C52}"
EndProject
Project("{8BC9CEB8-8B4A-11D0-8D11-00A0C91BC942}") = "dec_to_bin", "..\dec_to_bin\dec_to_bin.vcxproj", "{535754DD-C0CE-496F-AE95-4EAD6F32D158}"
EndProject
Project("{8BC9CEB8-8B4A-11D0-8D11-00A0C91BC942}") = "bin_to_dec", "..\bin_to_dec\bin_to_dec.vcxproj", "{9CF584D3-CF53-4A27-B216-E282CA2E9CAF}"
EndProject
Project("{8BC9CEB8-8B4A-11D0-8D11-00A0C91BC942}") = "dec_to_other", "..\dec_to_other\dec_to_other.vcxproj", "{2E0E42D1-8100-4A8D-B571-1E8C605C3074}"
EndProject
Project("{8BC9CEB8-8B4A-11D0-8D11-00A0C91BC942}") = "other_to_dec", "..\other_to_dec\other_to_dec.vcxproj", "{8E685699-7D82-4B42-818D-3C83263CC203}"
EndProject
Project("{8BC9CEB8-8B4A-11D0-8D11-00A0C91BC942}") = "ZADANIE1", "..\ZADANIE1\ZADANIE1.vcxproj", "{E445CB19-6B32-4B14-A026-3E8CC7358050}"
EndProject
Project("{8BC9CEB8-8B4A-11D0-8D11-00A0C91BC942}") = "ZADANIE2", "..\ZADANIE2\ZADANIE2.vcxproj", "{AAFBDF92-46E0-401B-A123-1B789FB99BD4}"
EndProject
Project("{8BC9CEB8-8B4A-11D0-8D11-00A0C91BC942}") = "ZADANIE 3", "..\ZADANIE 3\ZADANIE 3.vcxproj", "{DEBC7F50-5650-45F7-A2FD-F02800B1A03C}"
EndProject
Project("{8BC9CEB8-8B4A-11D0-8D11-00A0C91BC942}") = "ZADANIE4", "..\ZADANIE4\ZADANIE4.vcxproj", "{8D6DD343-AF1A-4191-879D-78C96BC39A38}"
EndProject
Project("{8BC9CEB8-8B4A-11D0-8D11-00A0C91BC942}") = "ZAD5", "..\ZAD5\ZAD5.vcxproj", "{49F38EC4-5C53-497D-8C48-D20A7FD31796}"
EndProject
Project("{8BC9CEB8-8B4A-11D0-8D11-00A0C91BC942}") = "ZADANIE6", "..\ZADANIE6\ZADANIE6.vcxproj", "{DF3BB56A-8E44-40FE-A5EE-F44C53412D7D}"
EndProject
Project("{8BC9CEB8-8B4A-11D0-8D11-00A0C91BC942}") = "ZADANIE7", "..\ZADANIE7\ZADANIE7.vcxproj", "{D9453A99-16DE-4F22-9672-DE619DBC2C30}"
EndProject
Project("{8BC9CEB8-8B4A-11D0-8D11-00A0C91BC942}") = "ZADANIE8", "..\ZADANIE8\ZADANIE8.vcxproj", "{26DB7F9F-AD9E-4F23-9F1B-817B305C376C}"
EndProject
Project("{2150E333-8FDC-42A3-9474-1A3956D46DE8}") = "Strona 59", "Strona 59", "{3B9070D1-EBBB-4AC0-A2A5-D954610BD255}"
EndProject
Project("{2150E333-8FDC-42A3-9474-1A3956D46DE8}") = "Strona 47", "Strona 47", "{428FAB71-8C61-45E5-811D-A159CB5163C3}"
EndProject
Project("{8BC9CEB8-8B4A-11D0-8D11-00A0C91BC942}") = "Zadanie10", "..\Zadanie10\Zadanie10.vcxproj", "{2B404C83-E802-407E-9250-73AEFE4C86A4}"
EndProject
Project("{8BC9CEB8-8B4A-11D0-8D11-00A0C91BC942}") = "Zadanie11", "..\Zadanie11\Zadanie11.vcxproj", "{3ED76F07-1E8A-4E46-B242-D2DAFC732F64}"
EndProject
Project("{8BC9CEB8-8B4A-11D0-8D11-00A0C91BC942}") = "Zadanie12", "..\Zadanie12\Zadanie12.vcxproj", "{46997F17-CA8E-49CE-8AF1-38B3D71B0BBA}"
EndProject
Project("{8BC9CEB8-8B4A-11D0-8D11-00A0C91BC942}") = "Zadanie13", "..\Zadanie13\Zadanie13.vcxproj", "{409AE5E5-7E12-4F94-9DC0-A7341A2CD8F2}"
EndProject
Project("{8BC9CEB8-8B4A-11D0-8D11-00A0C91BC942}") = "Zadanie14", "..\Zadanie14\Zadanie14.vcxproj", "{7104440E-93A7-42B5-92BC-7C4EC8D2E04C}"
EndProject
Project("{8BC9CEB8-8B4A-11D0-8D11-00A0C91BC942}") = "Zadanie15", "..\Zadanie15\Zadanie15.vcxproj", "{9CCA5609-D000-4358-8ABA-6F26573EAD30}"
EndProject
Project("{8BC9CEB8-8B4A-11D0-8D11-00A0C91BC942}") = "Zadanie16", "..\Zadanie16\Zadanie16.vcxproj", "{D368ACB1-EFF4-4097-B4F4-8D5654636D5B}"
EndProject
Project("{8BC9CEB8-8B4A-11D0-8D11-00A0C91BC942}") = "Ćw7", "..\Ćw7\Ćw7.vcxproj", "{2FC522F9-A017-4040-B8C8-5856945013A2}"
EndProject
Project("{8BC9CEB8-8B4A-11D0-8D11-00A0C91BC942}") = "Ćw8", "..\Ćw8\Ćw8.vcxproj", "{BE8DDED6-65B6-478B-A9C1-C29676D20D28}"
EndProject
Global
	GlobalSection(SolutionConfigurationPlatforms) = preSolution
		Debug|x64 = Debug|x64
		Debug|x86 = Debug|x86
		Release|x64 = Release|x64
		Release|x86 = Release|x86
	EndGlobalSection
	GlobalSection(ProjectConfigurationPlatforms) = postSolution
		{AB9ECEFF-7530-4949-A66B-C46415CC0A7C}.Debug|x64.ActiveCfg = Debug|x64
		{AB9ECEFF-7530-4949-A66B-C46415CC0A7C}.Debug|x64.Build.0 = Debug|x64
		{AB9ECEFF-7530-4949-A66B-C46415CC0A7C}.Debug|x86.ActiveCfg = Debug|Win32
		{AB9ECEFF-7530-4949-A66B-C46415CC0A7C}.Debug|x86.Build.0 = Debug|Win32
		{AB9ECEFF-7530-4949-A66B-C46415CC0A7C}.Release|x64.ActiveCfg = Release|x64
		{AB9ECEFF-7530-4949-A66B-C46415CC0A7C}.Release|x64.Build.0 = Release|x64
		{AB9ECEFF-7530-4949-A66B-C46415CC0A7C}.Release|x86.ActiveCfg = Release|Win32
		{AB9ECEFF-7530-4949-A66B-C46415CC0A7C}.Release|x86.Build.0 = Release|Win32
		{C2913563-7921-4CC1-945B-73201AAF1C52}.Debug|x64.ActiveCfg = Debug|x64
		{C2913563-7921-4CC1-945B-73201AAF1C52}.Debug|x64.Build.0 = Debug|x64
		{C2913563-7921-4CC1-945B-73201AAF1C52}.Debug|x86.ActiveCfg = Debug|Win32
		{C2913563-7921-4CC1-945B-73201AAF1C52}.Debug|x86.Build.0 = Debug|Win32
		{C2913563-7921-4CC1-945B-73201AAF1C52}.Release|x64.ActiveCfg = Release|x64
		{C2913563-7921-4CC1-945B-73201AAF1C52}.Release|x64.Build.0 = Release|x64
		{C2913563-7921-4CC1-945B-73201AAF1C52}.Release|x86.ActiveCfg = Release|Win32
		{C2913563-7921-4CC1-945B-73201AAF1C52}.Release|x86.Build.0 = Release|Win32
		{535754DD-C0CE-496F-AE95-4EAD6F32D158}.Debug|x64.ActiveCfg = Debug|x64
		{535754DD-C0CE-496F-AE95-4EAD6F32D158}.Debug|x64.Build.0 = Debug|x64
		{535754DD-C0CE-496F-AE95-4EAD6F32D158}.Debug|x86.ActiveCfg = Debug|Win32
		{535754DD-C0CE-496F-AE95-4EAD6F32D158}.Debug|x86.Build.0 = Debug|Win32
		{535754DD-C0CE-496F-AE95-4EAD6F32D158}.Release|x64.ActiveCfg = Release|x64
		{535754DD-C0CE-496F-AE95-4EAD6F32D158}.Release|x64.Build.0 = Release|x64
		{535754DD-C0CE-496F-AE95-4EAD6F32D158}.Release|x86.ActiveCfg = Release|Win32
		{535754DD-C0CE-496F-AE95-4EAD6F32D158}.Release|x86.Build.0 = Release|Win32
		{9CF584D3-CF53-4A27-B216-E282CA2E9CAF}.Debug|x64.ActiveCfg = Debug|x64
		{9CF584D3-CF53-4A27-B216-E282CA2E9CAF}.Debug|x64.Build.0 = Debug|x64
		{9CF584D3-CF53-4A27-B216-E282CA2E9CAF}.Debug|x86.ActiveCfg = Debug|Win32
		{9CF584D3-CF53-4A27-B216-E282CA2E9CAF}.Debug|x86.Build.0 = Debug|Win32
		{9CF584D3-CF53-4A27-B216-E282CA2E9CAF}.Release|x64.ActiveCfg = Release|x64
		{9CF584D3-CF53-4A27-B216-E282CA2E9CAF}.Release|x64.Build.0 = Release|x64
		{9CF584D3-CF53-4A27-B216-E282CA2E9CAF}.Release|x86.ActiveCfg = Release|Win32
		{9CF584D3-CF53-4A27-B216-E282CA2E9CAF}.Release|x86.Build.0 = Release|Win32
		{2E0E42D1-8100-4A8D-B571-1E8C605C3074}.Debug|x64.ActiveCfg = Debug|x64
		{2E0E42D1-8100-4A8D-B571-1E8C605C3074}.Debug|x64.Build.0 = Debug|x64
		{2E0E42D1-8100-4A8D-B571-1E8C605C3074}.Debug|x86.ActiveCfg = Debug|Win32
		{2E0E42D1-8100-4A8D-B571-1E8C605C3074}.Debug|x86.Build.0 = Debug|Win32
		{2E0E42D1-8100-4A8D-B571-1E8C605C3074}.Release|x64.ActiveCfg = Release|x64
		{2E0E42D1-8100-4A8D-B571-1E8C605C3074}.Release|x64.Build.0 = Release|x64
		{2E0E42D1-8100-4A8D-B571-1E8C605C3074}.Release|x86.ActiveCfg = Release|Win32
		{2E0E42D1-8100-4A8D-B571-1E8C605C3074}.Release|x86.Build.0 = Release|Win32
		{8E685699-7D82-4B42-818D-3C83263CC203}.Debug|x64.ActiveCfg = Debug|x64
		{8E685699-7D82-4B42-818D-3C83263CC203}.Debug|x64.Build.0 = Debug|x64
		{8E685699-7D82-4B42-818D-3C83263CC203}.Debug|x86.ActiveCfg = Debug|Win32
		{8E685699-7D82-4B42-818D-3C83263CC203}.Debug|x86.Build.0 = Debug|Win32
		{8E685699-7D82-4B42-818D-3C83263CC203}.Release|x64.ActiveCfg = Release|x64
		{8E685699-7D82-4B42-818D-3C83263CC203}.Release|x64.Build.0 = Release|x64
		{8E685699-7D82-4B42-818D-3C83263CC203}.Release|x86.ActiveCfg = Release|Win32
		{8E685699-7D82-4B42-818D-3C83263CC203}.Release|x86.Build.0 = Release|Win32
		{E445CB19-6B32-4B14-A026-3E8CC7358050}.Debug|x64.ActiveCfg = Debug|x64
		{E445CB19-6B32-4B14-A026-3E8CC7358050}.Debug|x64.Build.0 = Debug|x64
		{E445CB19-6B32-4B14-A026-3E8CC7358050}.Debug|x86.ActiveCfg = Debug|Win32
		{E445CB19-6B32-4B14-A026-3E8CC7358050}.Debug|x86.Build.0 = Debug|Win32
		{E445CB19-6B32-4B14-A026-3E8CC7358050}.Release|x64.ActiveCfg = Release|x64
		{E445CB19-6B32-4B14-A026-3E8CC7358050}.Release|x64.Build.0 = Release|x64
		{E445CB19-6B32-4B14-A026-3E8CC7358050}.Release|x86.ActiveCfg = Release|Win32
		{E445CB19-6B32-4B14-A026-3E8CC7358050}.Release|x86.Build.0 = Release|Win32
		{AAFBDF92-46E0-401B-A123-1B789FB99BD4}.Debug|x64.ActiveCfg = Debug|x64
		{AAFBDF92-46E0-401B-A123-1B789FB99BD4}.Debug|x64.Build.0 = Debug|x64
		{AAFBDF92-46E0-401B-A123-1B789FB99BD4}.Debug|x86.ActiveCfg = Debug|Win32
		{AAFBDF92-46E0-401B-A123-1B789FB99BD4}.Debug|x86.Build.0 = Debug|Win32
		{AAFBDF92-46E0-401B-A123-1B789FB99BD4}.Release|x64.ActiveCfg = Release|x64
		{AAFBDF92-46E0-401B-A123-1B789FB99BD4}.Release|x64.Build.0 = Release|x64
		{AAFBDF92-46E0-401B-A123-1B789FB99BD4}.Release|x86.ActiveCfg = Release|Win32
		{AAFBDF92-46E0-401B-A123-1B789FB99BD4}.Release|x86.Build.0 = Release|Win32
		{DEBC7F50-5650-45F7-A2FD-F02800B1A03C}.Debug|x64.ActiveCfg = Debug|x64
		{DEBC7F50-5650-45F7-A2FD-F02800B1A03C}.Debug|x64.Build.0 = Debug|x64
		{DEBC7F50-5650-45F7-A2FD-F02800B1A03C}.Debug|x86.ActiveCfg = Debug|Win32
		{DEBC7F50-5650-45F7-A2FD-F02800B1A03C}.Debug|x86.Build.0 = Debug|Win32
		{DEBC7F50-5650-45F7-A2FD-F02800B1A03C}.Release|x64.ActiveCfg = Release|x64
		{DEBC7F50-5650-45F7-A2FD-F02800B1A03C}.Release|x64.Build.0 = Release|x64
		{DEBC7F50-5650-45F7-A2FD-F02800B1A03C}.Release|x86.ActiveCfg = Release|Win32
		{DEBC7F50-5650-45F7-A2FD-F02800B1A03C}.Release|x86.Build.0 = Release|Win32
		{8D6DD343-AF1A-4191-879D-78C96BC39A38}.Debug|x64.ActiveCfg = Debug|x64
		{8D6DD343-AF1A-4191-879D-78C96BC39A38}.Debug|x64.Build.0 = Debug|x64
		{8D6DD343-AF1A-4191-879D-78C96BC39A38}.Debug|x86.ActiveCfg = Debug|Win32
		{8D6DD343-AF1A-4191-879D-78C96BC39A38}.Debug|x86.Build.0 = Debug|Win32
		{8D6DD343-AF1A-4191-879D-78C96BC39A38}.Release|x64.ActiveCfg = Release|x64
		{8D6DD343-AF1A-4191-879D-78C96BC39A38}.Release|x64.Build.0 = Release|x64
		{8D6DD343-AF1A-4191-879D-78C96BC39A38}.Release|x86.ActiveCfg = Release|Win32
		{8D6DD343-AF1A-4191-879D-78C96BC39A38}.Release|x86.Build.0 = Release|Win32
		{49F38EC4-5C53-497D-8C48-D20A7FD31796}.Debug|x64.ActiveCfg = Debug|x64
		{49F38EC4-5C53-497D-8C48-D20A7FD31796}.Debug|x64.Build.0 = Debug|x64
		{49F38EC4-5C53-497D-8C48-D20A7FD31796}.Debug|x86.ActiveCfg = Debug|Win32
		{49F38EC4-5C53-497D-8C48-D20A7FD31796}.Debug|x86.Build.0 = Debug|Win32
		{49F38EC4-5C53-497D-8C48-D20A7FD31796}.Release|x64.ActiveCfg = Release|x64
		{49F38EC4-5C53-497D-8C48-D20A7FD31796}.Release|x64.Build.0 = Release|x64
		{49F38EC4-5C53-497D-8C48-D20A7FD31796}.Release|x86.ActiveCfg = Release|Win32
		{49F38EC4-5C53-497D-8C48-D20A7FD31796}.Release|x86.Build.0 = Release|Win32
		{DF3BB56A-8E44-40FE-A5EE-F44C53412D7D}.Debug|x64.ActiveCfg = Debug|x64
		{DF3BB56A-8E44-40FE-A5EE-F44C53412D7D}.Debug|x64.Build.0 = Debug|x64
		{DF3BB56A-8E44-40FE-A5EE-F44C53412D7D}.Debug|x86.ActiveCfg = Debug|Win32
		{DF3BB56A-8E44-40FE-A5EE-F44C53412D7D}.Debug|x86.Build.0 = Debug|Win32
		{DF3BB56A-8E44-40FE-A5EE-F44C53412D7D}.Release|x64.ActiveCfg = Release|x64
		{DF3BB56A-8E44-40FE-A5EE-F44C53412D7D}.Release|x64.Build.0 = Release|x64
		{DF3BB56A-8E44-40FE-A5EE-F44C53412D7D}.Release|x86.ActiveCfg = Release|Win32
		{DF3BB56A-8E44-40FE-A5EE-F44C53412D7D}.Release|x86.Build.0 = Release|Win32
		{D9453A99-16DE-4F22-9672-DE619DBC2C30}.Debug|x64.ActiveCfg = Debug|x64
		{D9453A99-16DE-4F22-9672-DE619DBC2C30}.Debug|x64.Build.0 = Debug|x64
		{D9453A99-16DE-4F22-9672-DE619DBC2C30}.Debug|x86.ActiveCfg = Debug|Win32
		{D9453A99-16DE-4F22-9672-DE619DBC2C30}.Debug|x86.Build.0 = Debug|Win32
		{D9453A99-16DE-4F22-9672-DE619DBC2C30}.Release|x64.ActiveCfg = Release|x64
		{D9453A99-16DE-4F22-9672-DE619DBC2C30}.Release|x64.Build.0 = Release|x64
		{D9453A99-16DE-4F22-9672-DE619DBC2C30}.Release|x86.ActiveCfg = Release|Win32
		{D9453A99-16DE-4F22-9672-DE619DBC2C30}.Release|x86.Build.0 = Release|Win32
		{26DB7F9F-AD9E-4F23-9F1B-817B305C376C}.Debug|x64.ActiveCfg = Debug|x64
		{26DB7F9F-AD9E-4F23-9F1B-817B305C376C}.Debug|x64.Build.0 = Debug|x64
		{26DB7F9F-AD9E-4F23-9F1B-817B305C376C}.Debug|x86.ActiveCfg = Debug|Win32
		{26DB7F9F-AD9E-4F23-9F1B-817B305C376C}.Debug|x86.Build.0 = Debug|Win32
		{26DB7F9F-AD9E-4F23-9F1B-817B305C376C}.Release|x64.ActiveCfg = Release|x64
		{26DB7F9F-AD9E-4F23-9F1B-817B305C376C}.Release|x64.Build.0 = Release|x64
		{26DB7F9F-AD9E-4F23-9F1B-817B305C376C}.Release|x86.ActiveCfg = Release|Win32
		{26DB7F9F-AD9E-4F23-9F1B-817B305C376C}.Release|x86.Build.0 = Release|Win32
		{2B404C83-E802-407E-9250-73AEFE4C86A4}.Debug|x64.ActiveCfg = Debug|x64
		{2B404C83-E802-407E-9250-73AEFE4C86A4}.Debug|x64.Build.0 = Debug|x64
		{2B404C83-E802-407E-9250-73AEFE4C86A4}.Debug|x86.ActiveCfg = Debug|Win32
		{2B404C83-E802-407E-9250-73AEFE4C86A4}.Debug|x86.Build.0 = Debug|Win32
		{2B404C83-E802-407E-9250-73AEFE4C86A4}.Release|x64.ActiveCfg = Release|x64
		{2B404C83-E802-407E-9250-73AEFE4C86A4}.Release|x64.Build.0 = Release|x64
		{2B404C83-E802-407E-9250-73AEFE4C86A4}.Release|x86.ActiveCfg = Release|Win32
		{2B404C83-E802-407E-9250-73AEFE4C86A4}.Release|x86.Build.0 = Release|Win32
		{3ED76F07-1E8A-4E46-B242-D2DAFC732F64}.Debug|x64.ActiveCfg = Debug|x64
		{3ED76F07-1E8A-4E46-B242-D2DAFC732F64}.Debug|x64.Build.0 = Debug|x64
		{3ED76F07-1E8A-4E46-B242-D2DAFC732F64}.Debug|x86.ActiveCfg = Debug|Win32
		{3ED76F07-1E8A-4E46-B242-D2DAFC732F64}.Debug|x86.Build.0 = Debug|Win32
		{3ED76F07-1E8A-4E46-B242-D2DAFC732F64}.Release|x64.ActiveCfg = Release|x64
		{3ED76F07-1E8A-4E46-B242-D2DAFC732F64}.Release|x64.Build.0 = Release|x64
		{3ED76F07-1E8A-4E46-B242-D2DAFC732F64}.Release|x86.ActiveCfg = Release|Win32
		{3ED76F07-1E8A-4E46-B242-D2DAFC732F64}.Release|x86.Build.0 = Release|Win32
		{46997F17-CA8E-49CE-8AF1-38B3D71B0BBA}.Debug|x64.ActiveCfg = Debug|x64
		{46997F17-CA8E-49CE-8AF1-38B3D71B0BBA}.Debug|x64.Build.0 = Debug|x64
		{46997F17-CA8E-49CE-8AF1-38B3D71B0BBA}.Debug|x86.ActiveCfg = Debug|Win32
		{46997F17-CA8E-49CE-8AF1-38B3D71B0BBA}.Debug|x86.Build.0 = Debug|Win32
		{46997F17-CA8E-49CE-8AF1-38B3D71B0BBA}.Release|x64.ActiveCfg = Release|x64
		{46997F17-CA8E-49CE-8AF1-38B3D71B0BBA}.Release|x64.Build.0 = Release|x64
		{46997F17-CA8E-49CE-8AF1-38B3D71B0BBA}.Release|x86.ActiveCfg = Release|Win32
		{46997F17-CA8E-49CE-8AF1-38B3D71B0BBA}.Release|x86.Build.0 = Release|Win32
		{409AE5E5-7E12-4F94-9DC0-A7341A2CD8F2}.Debug|x64.ActiveCfg = Debug|x64
		{409AE5E5-7E12-4F94-9DC0-A7341A2CD8F2}.Debug|x64.Build.0 = Debug|x64
		{409AE5E5-7E12-4F94-9DC0-A7341A2CD8F2}.Debug|x86.ActiveCfg = Debug|Win32
		{409AE5E5-7E12-4F94-9DC0-A7341A2CD8F2}.Debug|x86.Build.0 = Debug|Win32
		{409AE5E5-7E12-4F94-9DC0-A7341A2CD8F2}.Release|x64.ActiveCfg = Release|x64
		{409AE5E5-7E12-4F94-9DC0-A7341A2CD8F2}.Release|x64.Build.0 = Release|x64
		{409AE5E5-7E12-4F94-9DC0-A7341A2CD8F2}.Release|x86.ActiveCfg = Release|Win32
		{409AE5E5-7E12-4F94-9DC0-A7341A2CD8F2}.Release|x86.Build.0 = Release|Win32
		{7104440E-93A7-42B5-92BC-7C4EC8D2E04C}.Debug|x64.ActiveCfg = Debug|x64
		{7104440E-93A7-42B5-92BC-7C4EC8D2E04C}.Debug|x64.Build.0 = Debug|x64
		{7104440E-93A7-42B5-92BC-7C4EC8D2E04C}.Debug|x86.ActiveCfg = Debug|Win32
		{7104440E-93A7-42B5-92BC-7C4EC8D2E04C}.Debug|x86.Build.0 = Debug|Win32
		{7104440E-93A7-42B5-92BC-7C4EC8D2E04C}.Release|x64.ActiveCfg = Release|x64
		{7104440E-93A7-42B5-92BC-7C4EC8D2E04C}.Release|x64.Build.0 = Release|x64
		{7104440E-93A7-42B5-92BC-7C4EC8D2E04C}.Release|x86.ActiveCfg = Release|Win32
		{7104440E-93A7-42B5-92BC-7C4EC8D2E04C}.Release|x86.Build.0 = Release|Win32
		{9CCA5609-D000-4358-8ABA-6F26573EAD30}.Debug|x64.ActiveCfg = Debug|x64
		{9CCA5609-D000-4358-8ABA-6F26573EAD30}.Debug|x64.Build.0 = Debug|x64
		{9CCA5609-D000-4358-8ABA-6F26573EAD30}.Debug|x86.ActiveCfg = Debug|Win32
		{9CCA5609-D000-4358-8ABA-6F26573EAD30}.Debug|x86.Build.0 = Debug|Win32
		{9CCA5609-D000-4358-8ABA-6F26573EAD30}.Release|x64.ActiveCfg = Release|x64
		{9CCA5609-D000-4358-8ABA-6F26573EAD30}.Release|x64.Build.0 = Release|x64
		{9CCA5609-D000-4358-8ABA-6F26573EAD30}.Release|x86.ActiveCfg = Release|Win32
		{9CCA5609-D000-4358-8ABA-6F26573EAD30}.Release|x86.Build.0 = Release|Win32
		{D368ACB1-EFF4-4097-B4F4-8D5654636D5B}.Debug|x64.ActiveCfg = Debug|x64
		{D368ACB1-EFF4-4097-B4F4-8D5654636D5B}.Debug|x64.Build.0 = Debug|x64
		{D368ACB1-EFF4-4097-B4F4-8D5654636D5B}.Debug|x86.ActiveCfg = Debug|Win32
		{D368ACB1-EFF4-4097-B4F4-8D5654636D5B}.Debug|x86.Build.0 = Debug|Win32
		{D368ACB1-EFF4-4097-B4F4-8D5654636D5B}.Release|x64.ActiveCfg = Release|x64
		{D368ACB1-EFF4-4097-B4F4-8D5654636D5B}.Release|x64.Build.0 = Release|x64
		{D368ACB1-EFF4-4097-B4F4-8D5654636D5B}.Release|x86.ActiveCfg = Release|Win32
		{D368ACB1-EFF4-4097-B4F4-8D5654636D5B}.Release|x86.Build.0 = Release|Win32
		{2FC522F9-A017-4040-B8C8-5856945013A2}.Debug|x64.ActiveCfg = Debug|x64
		{2FC522F9-A017-4040-B8C8-5856945013A2}.Debug|x64.Build.0 = Debug|x64
		{2FC522F9-A017-4040-B8C8-5856945013A2}.Debug|x86.ActiveCfg = Debug|Win32
		{2FC522F9-A017-4040-B8C8-5856945013A2}.Debug|x86.Build.0 = Debug|Win32
		{2FC522F9-A017-4040-B8C8-5856945013A2}.Release|x64.ActiveCfg = Release|x64
		{2FC522F9-A017-4040-B8C8-5856945013A2}.Release|x64.Build.0 = Release|x64
		{2FC522F9-A017-4040-B8C8-5856945013A2}.Release|x86.ActiveCfg = Release|Win32
		{2FC522F9-A017-4040-B8C8-5856945013A2}.Release|x86.Build.0 = Release|Win32
		{BE8DDED6-65B6-478B-A9C1-C29676D20D28}.Debug|x64.ActiveCfg = Debug|x64
		{BE8DDED6-65B6-478B-A9C1-C29676D20D28}.Debug|x64.Build.0 = Debug|x64
		{BE8DDED6-65B6-478B-A9C1-C29676D20D28}.Debug|x86.ActiveCfg = Debug|Win32
		{BE8DDED6-65B6-478B-A9C1-C29676D20D28}.Debug|x86.Build.0 = Debug|Win32
		{BE8DDED6-65B6-478B-A9C1-C29676D20D28}.Release|x64.ActiveCfg = Release|x64
		{BE8DDED6-65B6-478B-A9C1-C29676D20D28}.Release|x64.Build.0 = Release|x64
		{BE8DDED6-65B6-478B-A9C1-C29676D20D28}.Release|x86.ActiveCfg = Release|Win32
		{BE8DDED6-65B6-478B-A9C1-C29676D20D28}.Release|x86.Build.0 = Release|Win32
	EndGlobalSection
	GlobalSection(SolutionProperties) = preSolution
		HideSolutionNode = FALSE
	EndGlobalSection
	GlobalSection(NestedProjects) = preSolution
		{AB9ECEFF-7530-4949-A66B-C46415CC0A7C} = {3B9070D1-EBBB-4AC0-A2A5-D954610BD255}
		{C2913563-7921-4CC1-945B-73201AAF1C52} = {3B9070D1-EBBB-4AC0-A2A5-D954610BD255}
		{535754DD-C0CE-496F-AE95-4EAD6F32D158} = {3B9070D1-EBBB-4AC0-A2A5-D954610BD255}
		{9CF584D3-CF53-4A27-B216-E282CA2E9CAF} = {3B9070D1-EBBB-4AC0-A2A5-D954610BD255}
		{2E0E42D1-8100-4A8D-B571-1E8C605C3074} = {3B9070D1-EBBB-4AC0-A2A5-D954610BD255}
		{8E685699-7D82-4B42-818D-3C83263CC203} = {3B9070D1-EBBB-4AC0-A2A5-D954610BD255}
		{E445CB19-6B32-4B14-A026-3E8CC7358050} = {3B9070D1-EBBB-4AC0-A2A5-D954610BD255}
		{AAFBDF92-46E0-401B-A123-1B789FB99BD4} = {3B9070D1-EBBB-4AC0-A2A5-D954610BD255}
		{DEBC7F50-5650-45F7-A2FD-F02800B1A03C} = {3B9070D1-EBBB-4AC0-A2A5-D954610BD255}
		{8D6DD343-AF1A-4191-879D-78C96BC39A38} = {3B9070D1-EBBB-4AC0-A2A5-D954610BD255}
		{49F38EC4-5C53-497D-8C48-D20A7FD31796} = {3B9070D1-EBBB-4AC0-A2A5-D954610BD255}
		{DF3BB56A-8E44-40FE-A5EE-F44C53412D7D} = {3B9070D1-EBBB-4AC0-A2A5-D954610BD255}
		{D9453A99-16DE-4F22-9672-DE619DBC2C30} = {3B9070D1-EBBB-4AC0-A2A5-D954610BD255}
		{26DB7F9F-AD9E-4F23-9F1B-817B305C376C} = {3B9070D1-EBBB-4AC0-A2A5-D954610BD255}
		{2B404C83-E802-407E-9250-73AEFE4C86A4} = {428FAB71-8C61-45E5-811D-A159CB5163C3}
		{3ED76F07-1E8A-4E46-B242-D2DAFC732F64} = {428FAB71-8C61-45E5-811D-A159CB5163C3}
		{46997F17-CA8E-49CE-8AF1-38B3D71B0BBA} = {428FAB71-8C61-45E5-811D-A159CB5163C3}
		{409AE5E5-7E12-4F94-9DC0-A7341A2CD8F2} = {428FAB71-8C61-45E5-811D-A159CB5163C3}
		{7104440E-93A7-42B5-92BC-7C4EC8D2E04C} = {428FAB71-8C61-45E5-811D-A159CB5163C3}
		{9CCA5609-D000-4358-8ABA-6F26573EAD30} = {428FAB71-8C61-45E5-811D-A159CB5163C3}
		{D368ACB1-EFF4-4097-B4F4-8D5654636D5B} = {428FAB71-8C61-45E5-811D-A159CB5163C3}
		{2FC522F9-A017-4040-B8C8-5856945013A2} = {3B9070D1-EBBB-4AC0-A2A5-D954610BD255}
		{BE8DDED6-65B6-478B-A9C1-C29676D20D28} = {428FAB71-8C61-45E5-811D-A159CB5163C3}
	EndGlobalSection
	GlobalSection(ExtensibilityGlobals) = postSolution
		SolutionGuid = {C46EC33C-05DA-4798-9843-F74DBC7558EB}
	EndGlobalSection
EndGlobal
